
Microsoft Visual Studio Solution File, Format Version 12.00
# Visual Studio Version 16
VisualStudioVersion = 16.0.29025.244
MinimumVisualStudioVersion = 10.0.40219.1
Project("{FAE04EC0-301F-11D3-BF4B-00C04F79EFBC}") = "algoSimplex", "algoSimplex\algoSimplex.csproj", "{BAEE1CBE-698D-4582-947D-73F3D1DCFB31}"
EndProject
Project("{FAE04EC0-301F-11D3-BF4B-00C04F79EFBC}") = "UnitTest_Simplex", "UnitTest_Simplex\UnitTest_Simplex.csproj", "{E28E711E-C43D-4EF3-BB98-A3F95431BD3D}"
EndProject
Global
	GlobalSection(SolutionConfigurationPlatforms) = preSolution
		Debug|Any CPU = Debug|Any CPU
		Release|Any CPU = Release|Any CPU
	EndGlobalSection
	GlobalSection(ProjectConfigurationPlatforms) = postSolution
		{BAEE1CBE-698D-4582-947D-73F3D1DCFB31}.Debug|Any CPU.ActiveCfg = Debug|Any CPU
		{BAEE1CBE-698D-4582-947D-73F3D1DCFB31}.Debug|Any CPU.Build.0 = Debug|Any CPU
		{BAEE1CBE-698D-4582-947D-73F3D1DCFB31}.Release|Any CPU.ActiveCfg = Release|Any CPU
		{BAEE1CBE-698D-4582-947D-73F3D1DCFB31}.Release|Any CPU.Build.0 = Release|Any CPU
		{E28E711E-C43D-4EF3-BB98-A3F95431BD3D}.Debug|Any CPU.ActiveCfg = Debug|Any CPU
		{E28E711E-C43D-4EF3-BB98-A3F95431BD3D}.Debug|Any CPU.Build.0 = Debug|Any CPU
		{E28E711E-C43D-4EF3-BB98-A3F95431BD3D}.Release|Any CPU.ActiveCfg = Release|Any CPU
		{E28E711E-C43D-4EF3-BB98-A3F95431BD3D}.Release|Any CPU.Build.0 = Release|Any CPU
	EndGlobalSection
	GlobalSection(SolutionProperties) = preSolution
		HideSolutionNode = FALSE
	EndGlobalSection
	GlobalSection(ExtensibilityGlobals) = postSolution
		SolutionGuid = {1E3F7663-42C5-44AA-AE33-1F68FC84DA03}
	EndGlobalSection
EndGlobal
